// !$*UTF8*$!
{
	archiveVersion = 1;
	classes = {
	};
	objectVersion = 46;
	objects = {

/* Begin PBXBuildFile section */
		026851064A929008CCCE81C8 /* libPods-DYLoopViewDemo.a in Frameworks */ = {isa = PBXBuildFile; fileRef = B8A3BEEAB29901B65D1B43CF /* libPods-DYLoopViewDemo.a */; };
		E477654E1D689506001834AD /* main.m in Sources */ = {isa = PBXBuildFile; fileRef = E477654D1D689506001834AD /* main.m */; };
		E47765511D689506001834AD /* AppDelegate.m in Sources */ = {isa = PBXBuildFile; fileRef = E47765501D689506001834AD /* AppDelegate.m */; };
		E47765541D689506001834AD /* ViewController.m in Sources */ = {isa = PBXBuildFile; fileRef = E47765531D689506001834AD /* ViewController.m */; };
		E47765571D689506001834AD /* Main.storyboard in Resources */ = {isa = PBXBuildFile; fileRef = E47765551D689506001834AD /* Main.storyboard */; };
		E477655A1D689506001834AD /* DYLoopViewDemo.xcdatamodeld in Sources */ = {isa = PBXBuildFile; fileRef = E47765581D689506001834AD /* DYLoopViewDemo.xcdatamodeld */; };
		E477655C1D689506001834AD /* Assets.xcassets in Resources */ = {isa = PBXBuildFile; fileRef = E477655B1D689506001834AD /* Assets.xcassets */; };
		E477655F1D689506001834AD /* LaunchScreen.storyboard in Resources */ = {isa = PBXBuildFile; fileRef = E477655D1D689506001834AD /* LaunchScreen.storyboard */; };
		E477656D1D689792001834AD /* DYLoopView.m in Sources */ = {isa = PBXBuildFile; fileRef = E47765681D689792001834AD /* DYLoopView.m */; };
		E477656E1D689792001834AD /* DYLoopViewCell.m in Sources */ = {isa = PBXBuildFile; fileRef = E477656A1D689792001834AD /* DYLoopViewCell.m */; };
		E477656F1D689792001834AD /* DYLoopViewLayout.m in Sources */ = {isa = PBXBuildFile; fileRef = E477656C1D689792001834AD /* DYLoopViewLayout.m */; };
		E47765721D6897EA001834AD /* DYWeakTimerTargetObj.m in Sources */ = {isa = PBXBuildFile; fileRef = E47765711D6897EA001834AD /* DYWeakTimerTargetObj.m */; };
/* End PBXBuildFile section */

/* Begin PBXFileReference section */
		04E94ECCE37DD836C022CC47 /* Pods-DYLoopViewDemo.release.xcconfig */ = {isa = PBXFileReference; includeInIndex = 1; lastKnownFileType = text.xcconfig; name = "Pods-DYLoopViewDemo.release.xcconfig"; path = "Pods/Target Support Files/Pods-DYLoopViewDemo/Pods-DYLoopViewDemo.release.xcconfig"; sourceTree = "<group>"; };
		0B8B0727DCA0A093CD3C2B95 /* Pods-DYLoopViewDemo.debug.xcconfig */ = {isa = PBXFileReference; includeInIndex = 1; lastKnownFileType = text.xcconfig; name = "Pods-DYLoopViewDemo.debug.xcconfig"; path = "Pods/Target Support Files/Pods-DYLoopViewDemo/Pods-DYLoopViewDemo.debug.xcconfig"; sourceTree = "<group>"; };
		B8A3BEEAB29901B65D1B43CF /* libPods-DYLoopViewDemo.a */ = {isa = PBXFileReference; explicitFileType = archive.ar; includeInIndex = 0; path = "libPods-DYLoopViewDemo.a"; sourceTree = BUILT_PRODUCTS_DIR; };
		E47765491D689506001834AD /* DYLoopViewDemo.app */ = {isa = PBXFileReference; explicitFileType = wrapper.application; includeInIndex = 0; path = DYLoopViewDemo.app; sourceTree = BUILT_PRODUCTS_DIR; };
		E477654D1D689506001834AD /* main.m */ = {isa = PBXFileReference; lastKnownFileType = sourcecode.c.objc; path = main.m; sourceTree = "<group>"; };
		E477654F1D689506001834AD /* AppDelegate.h */ = {isa = PBXFileReference; lastKnownFileType = sourcecode.c.h; path = AppDelegate.h; sourceTree = "<group>"; };
		E47765501D689506001834AD /* AppDelegate.m */ = {isa = PBXFileReference; lastKnownFileType = sourcecode.c.objc; path = AppDelegate.m; sourceTree = "<group>"; };
		E47765521D689506001834AD /* ViewController.h */ = {isa = PBXFileReference; lastKnownFileType = sourcecode.c.h; path = ViewController.h; sourceTree = "<group>"; };
		E47765531D689506001834AD /* ViewController.m */ = {isa = PBXFileReference; lastKnownFileType = sourcecode.c.objc; path = ViewController.m; sourceTree = "<group>"; };
		E47765561D689506001834AD /* Base */ = {isa = PBXFileReference; lastKnownFileType = file.storyboard; name = Base; path = Base.lproj/Main.storyboard; sourceTree = "<group>"; };
		E47765591D689506001834AD /* DYLoopViewDemo.xcdatamodel */ = {isa = PBXFileReference; lastKnownFileType = wrapper.xcdatamodel; path = DYLoopViewDemo.xcdatamodel; sourceTree = "<group>"; };
		E477655B1D689506001834AD /* Assets.xcassets */ = {isa = PBXFileReference; lastKnownFileType = folder.assetcatalog; path = Assets.xcassets; sourceTree = "<group>"; };
		E477655E1D689506001834AD /* Base */ = {isa = PBXFileReference; lastKnownFileType = file.storyboard; name = Base; path = Base.lproj/LaunchScreen.storyboard; sourceTree = "<group>"; };
		E47765601D689506001834AD /* Info.plist */ = {isa = PBXFileReference; lastKnownFileType = text.plist.xml; path = Info.plist; sourceTree = "<group>"; };
		E47765671D689792001834AD /* DYLoopView.h */ = {isa = PBXFileReference; fileEncoding = 4; lastKnownFileType = sourcecode.c.h; path = DYLoopView.h; sourceTree = "<group>"; };
		E47765681D689792001834AD /* DYLoopView.m */ = {isa = PBXFileReference; fileEncoding = 4; lastKnownFileType = sourcecode.c.objc; path = DYLoopView.m; sourceTree = "<group>"; };
		E47765691D689792001834AD /* DYLoopViewCell.h */ = {isa = PBXFileReference; fileEncoding = 4; lastKnownFileType = sourcecode.c.h; path = DYLoopViewCell.h; sourceTree = "<group>"; };
		E477656A1D689792001834AD /* DYLoopViewCell.m */ = {isa = PBXFileReference; fileEncoding = 4; lastKnownFileType = sourcecode.c.objc; path = DYLoopViewCell.m; sourceTree = "<group>"; };
		E477656B1D689792001834AD /* DYLoopViewLayout.h */ = {isa = PBXFileReference; fileEncoding = 4; lastKnownFileType = sourcecode.c.h; path = DYLoopViewLayout.h; sourceTree = "<group>"; };
		E477656C1D689792001834AD /* DYLoopViewLayout.m */ = {isa = PBXFileReference; fileEncoding = 4; lastKnownFileType = sourcecode.c.objc; path = DYLoopViewLayout.m; sourceTree = "<group>"; };
		E47765701D6897EA001834AD /* DYWeakTimerTargetObj.h */ = {isa = PBXFileReference; fileEncoding = 4; lastKnownFileType = sourcecode.c.h; path = DYWeakTimerTargetObj.h; sourceTree = "<group>"; };
		E47765711D6897EA001834AD /* DYWeakTimerTargetObj.m */ = {isa = PBXFileReference; fileEncoding = 4; lastKnownFileType = sourcecode.c.objc; path = DYWeakTimerTargetObj.m; sourceTree = "<group>"; };
/* End PBXFileReference section */

/* Begin PBXFrameworksBuildPhase section */
		E47765461D689506001834AD /* Frameworks */ = {
			isa = PBXFrameworksBuildPhase;
			buildActionMask = 2147483647;
			files = (
				026851064A929008CCCE81C8 /* libPods-DYLoopViewDemo.a in Frameworks */,
			);
			runOnlyForDeploymentPostprocessing = 0;
		};
/* End PBXFrameworksBuildPhase section */

/* Begin PBXGroup section */
		2E0403EE9DCE9B5542E6E5EA /* Pods */ = {
			isa = PBXGroup;
			children = (
				0B8B0727DCA0A093CD3C2B95 /* Pods-DYLoopViewDemo.debug.xcconfig */,
				04E94ECCE37DD836C022CC47 /* Pods-DYLoopViewDemo.release.xcconfig */,
			);
			name = Pods;
			sourceTree = "<group>";
		};
		58F108EEBB29AFEBAA11847B /* Frameworks */ = {
			isa = PBXGroup;
			children = (
				B8A3BEEAB29901B65D1B43CF /* libPods-DYLoopViewDemo.a */,
			);
			name = Frameworks;
			sourceTree = "<group>";
		};
		E47765401D689506001834AD = {
			isa = PBXGroup;
			children = (
				E477654B1D689506001834AD /* DYLoopViewDemo */,
				E477654A1D689506001834AD /* Products */,
				2E0403EE9DCE9B5542E6E5EA /* Pods */,
				58F108EEBB29AFEBAA11847B /* Frameworks */,
			);
			sourceTree = "<group>";
		};
		E477654A1D689506001834AD /* Products */ = {
			isa = PBXGroup;
			children = (
				E47765491D689506001834AD /* DYLoopViewDemo.app */,
			);
			name = Products;
			sourceTree = "<group>";
		};
		E477654B1D689506001834AD /* DYLoopViewDemo */ = {
			isa = PBXGroup;
			children = (
				E47765661D689792001834AD /* DYLoopView */,
				E477654F1D689506001834AD /* AppDelegate.h */,
				E47765501D689506001834AD /* AppDelegate.m */,
				E47765521D689506001834AD /* ViewController.h */,
				E47765531D689506001834AD /* ViewController.m */,
				E47765551D689506001834AD /* Main.storyboard */,
				E477655B1D689506001834AD /* Assets.xcassets */,
				E477655D1D689506001834AD /* LaunchScreen.storyboard */,
				E47765601D689506001834AD /* Info.plist */,
				E47765581D689506001834AD /* DYLoopViewDemo.xcdatamodeld */,
				E477654C1D689506001834AD /* Supporting Files */,
			);
			path = DYLoopViewDemo;
			sourceTree = "<group>";
		};
		E477654C1D689506001834AD /* Supporting Files */ = {
			isa = PBXGroup;
			children = (
				E477654D1D689506001834AD /* main.m */,
			);
			name = "Supporting Files";
			sourceTree = "<group>";
		};
		E47765661D689792001834AD /* DYLoopView */ = {
			isa = PBXGroup;
			children = (
				E47765671D689792001834AD /* DYLoopView.h */,
				E47765681D689792001834AD /* DYLoopView.m */,
				E47765691D689792001834AD /* DYLoopViewCell.h */,
				E477656A1D689792001834AD /* DYLoopViewCell.m */,
				E477656B1D689792001834AD /* DYLoopViewLayout.h */,
				E477656C1D689792001834AD /* DYLoopViewLayout.m */,
				E47765701D6897EA001834AD /* DYWeakTimerTargetObj.h */,
				E47765711D6897EA001834AD /* DYWeakTimerTargetObj.m */,
			);
			path = DYLoopView;
			sourceTree = "<group>";
		};
/* End PBXGroup section */

/* Begin PBXNativeTarget section */
		E47765481D689506001834AD /* DYLoopViewDemo */ = {
			isa = PBXNativeTarget;
			buildConfigurationList = E47765631D689506001834AD /* Build configuration list for PBXNativeTarget "DYLoopViewDemo" */;
			buildPhases = (
				F535784DD42ED3F84005B31D /* [CP] Check Pods Manifest.lock */,
				E47765451D689506001834AD /* Sources */,
				E47765461D689506001834AD /* Frameworks */,
				E47765471D689506001834AD /* Resources */,
				CBA81270B852F4806A34DED3 /* [CP] Embed Pods Frameworks */,
				88D65FEC3B6D498EC9FD71C2 /* [CP] Copy Pods Resources */,
			);
			buildRules = (
			);
			dependencies = (
			);
			name = DYLoopViewDemo;
			productName = DYLoopViewDemo;
			productReference = E47765491D689506001834AD /* DYLoopViewDemo.app */;
			productType = "com.apple.product-type.application";
		};
/* End PBXNativeTarget section */

/* Begin PBXProject section */
		E47765411D689506001834AD /* Project object */ = {
			isa = PBXProject;
			attributes = {
				LastUpgradeCheck = 0720;
				ORGANIZATIONNAME = DovYoung;
				TargetAttributes = {
					E47765481D689506001834AD = {
						CreatedOnToolsVersion = 7.2.1;
						DevelopmentTeam = 7XX3W6C4BU;
					};
				};
			};
			buildConfigurationList = E47765441D689506001834AD /* Build configuration list for PBXProject "DYLoopViewDemo" */;
			compatibilityVersion = "Xcode 3.2";
			developmentRegion = English;
			hasScannedForEncodings = 0;
			knownRegions = (
				en,
				Base,
			);
			mainGroup = E47765401D689506001834AD;
			productRefGroup = E477654A1D689506001834AD /* Products */;
			projectDirPath = "";
			projectRoot = "";
			targets = (
				E47765481D689506001834AD /* DYLoopViewDemo */,
			);
		};
/* End PBXProject section */

/* Begin PBXResourcesBuildPhase section */
		E47765471D689506001834AD /* Resources */ = {
			isa = PBXResourcesBuildPhase;
			buildActionMask = 2147483647;
			files = (
				E477655F1D689506001834AD /* LaunchScreen.storyboard in Resources */,
				E477655C1D689506001834AD /* Assets.xcassets in Resources */,
				E47765571D689506001834AD /* Main.storyboard in Resources */,
			);
			runOnlyForDeploymentPostprocessing = 0;
		};
/* End PBXResourcesBuildPhase section */

/* Begin PBXShellScriptBuildPhase section */
		88D65FEC3B6D498EC9FD71C2 /* [CP] Copy Pods Resources */ = {
			isa = PBXShellScriptBuildPhase;
			buildActionMask = 2147483647;
			files = (
			);
			inputPaths = (
			);
			name = "[CP] Copy Pods Resources";
			outputPaths = (
			);
			runOnlyForDeploymentPostprocessing = 0;
			shellPath = /bin/sh;
			shellScript = "\"${SRCROOT}/Pods/Target Support Files/Pods-DYLoopViewDemo/Pods-DYLoopViewDemo-resources.sh\"\n";
			showEnvVarsInLog = 0;
		};
		CBA81270B852F4806A34DED3 /* [CP] Embed Pods Frameworks */ = {
			isa = PBXShellScriptBuildPhase;
			buildActionMask = 2147483647;
			files = (
			);
			inputPaths = (
			);
			name = "[CP] Embed Pods Frameworks";
			outputPaths = (
			);
			runOnlyForDeploymentPostprocessing = 0;
			shellPath = /bin/sh;
			shellScript = "\"${SRCROOT}/Pods/Target Support Files/Pods-DYLoopViewDemo/Pods-DYLoopViewDemo-frameworks.sh\"\n";
			showEnvVarsInLog = 0;
		};
		F535784DD42ED3F84005B31D /* [CP] Check Pods Manifest.lock */ = {
			isa = PBXShellScriptBuildPhase;
			buildActionMask = 2147483647;
			files = (
			);
			inputPaths = (
			);
			name = "[CP] Check Pods Manifest.lock";
			outputPaths = (
			);
			runOnlyForDeploymentPostprocessing = 0;
			shellPath = /bin/sh;
			shellScript = "diff \"${PODS_ROOT}/../Podfile.lock\" \"${PODS_ROOT}/Manifest.lock\" > /dev/null\nif [[ $? != 0 ]] ; then\n    cat << EOM\nerror: The sandbox is not in sync with the Podfile.lock. Run 'pod install' or update your CocoaPods installation.\nEOM\n    exit 1\nfi\n";
			showEnvVarsInLog = 0;
		};
/* End PBXShellScriptBuildPhase section */

/* Begin PBXSourcesBuildPhase section */
		E47765451D689506001834AD /* Sources */ = {
			isa = PBXSourcesBuildPhase;
			buildActionMask = 2147483647;
			files = (
				E47765541D689506001834AD /* ViewController.m in Sources */,
				E47765721D6897EA001834AD /* DYWeakTimerTargetObj.m in Sources */,
				E47765511D689506001834AD /* AppDelegate.m in Sources */,
				E477655A1D689506001834AD /* DYLoopViewDemo.xcdatamodeld in Sources */,
				E477656E1D689792001834AD /* DYLoopViewCell.m in Sources */,
				E477656F1D689792001834AD /* DYLoopViewLayout.m in Sources */,
				E477654E1D689506001834AD /* main.m in Sources */,
				E477656D1D689792001834AD /* DYLoopView.m in Sources */,
			);
			runOnlyForDeploymentPostprocessing = 0;
		};
/* End PBXSourcesBuildPhase section */

/* Begin PBXVariantGroup section */
		E47765551D689506001834AD /* Main.storyboard */ = {
			isa = PBXVariantGroup;
			children = (
				E47765561D689506001834AD /* Base */,
			);
			name = Main.storyboard;
			sourceTree = "<group>";
		};
		E477655D1D689506001834AD /* LaunchScreen.storyboard */ = {
			isa = PBXVariantGroup;
			children = (
				E477655E1D689506001834AD /* Base */,
			);
			name = LaunchScreen.storyboard;
			sourceTree = "<group>";
		};
/* End PBXVariantGroup section */

/* Begin XCBuildConfiguration section */
		E47765611D689506001834AD /* Debug */ = {
			isa = XCBuildConfiguration;
			buildSettings = {
				ALWAYS_SEARCH_USER_PATHS = NO;
				CLANG_CXX_LANGUAGE_STANDARD = "gnu++0x";
				CLANG_CXX_LIBRARY = "libc++";
				CLANG_ENABLE_MODULES = YES;
				CLANG_ENABLE_OBJC_ARC = YES;
				CLANG_WARN_BOOL_CONVERSION = YES;
				CLANG_WARN_CONSTANT_CONVERSION = YES;
				CLANG_WARN_DIRECT_OBJC_ISA_USAGE = YES_ERROR;
				CLANG_WARN_EMPTY_BODY = YES;
				CLANG_WARN_ENUM_CONVERSION = YES;
				CLANG_WARN_INT_CONVERSION = YES;
				CLANG_WARN_OBJC_ROOT_CLASS = YES_ERROR;
				CLANG_WARN_UNREACHABLE_CODE = YES;
				CLANG_WARN__DUPLICATE_METHOD_MATCH = YES;
				"CODE_SIGN_IDENTITY[sdk=iphoneos*]" = "iPhone Developer";
				COPY_PHASE_STRIP = NO;
				DEBUG_INFORMATION_FORMAT = dwarf;
				ENABLE_STRICT_OBJC_MSGSEND = YES;
				ENABLE_TESTABILITY = YES;
				GCC_C_LANGUAGE_STANDARD = gnu99;
				GCC_DYNAMIC_NO_PIC = NO;
				GCC_NO_COMMON_BLOCKS = YES;
				GCC_OPTIMIZATION_LEVEL = 0;
				GCC_PREPROCESSOR_DEFINITIONS = (
					"DEBUG=1",
					"$(inherited)",
				);
				GCC_WARN_64_TO_32_BIT_CONVERSION = YES;
				GCC_WARN_ABOUT_RETURN_TYPE = YES_ERROR;
				GCC_WARN_UNDECLARED_SELECTOR = YES;
				GCC_WARN_UNINITIALIZED_AUTOS = YES_AGGRESSIVE;
				GCC_WARN_UNUSED_FUNCTION = YES;
				GCC_WARN_UNUSED_VARIABLE = YES;
				IPHONEOS_DEPLOYMENT_TARGET = 9.2;
				MTL_ENABLE_DEBUG_INFO = YES;
				ONLY_ACTIVE_ARCH = YES;
				SDKROOT = iphoneos;
				TARGETED_DEVICE_FAMILY = "1,2";
			};
			name = Debug;
		};
		E47765621D689506001834AD /* Release */ = {
			isa = XCBuildConfiguration;
			buildSettings = {
				ALWAYS_SEARCH_USER_PATHS = NO;
				CLANG_CXX_LANGUAGE_STANDARD = "gnu++0x";
				CLANG_CXX_LIBRARY = "libc++";
				CLANG_ENABLE_MODULES = YES;
				CLANG_ENABLE_OBJC_ARC = YES;
				CLANG_WARN_BOOL_CONVERSION = YES;
				CLANG_WARN_CONSTANT_CONVERSION = YES;
				CLANG_WARN_DIRECT_OBJC_ISA_USAGE = YES_ERROR;
				CLANG_WARN_EMPTY_BODY = YES;
				CLANG_WARN_ENUM_CONVERSION = YES;
				CLANG_WARN_INT_CONVERSION = YES;
				CLANG_WARN_OBJC_ROOT_CLASS = YES_ERROR;
				CLANG_WARN_UNREACHABLE_CODE = YES;
				CLANG_WARN__DUPLICATE_METHOD_MATCH = YES;
				"CODE_SIGN_IDENTITY[sdk=iphoneos*]" = "iPhone Developer";
				COPY_PHASE_STRIP = NO;
				DEBUG_INFORMATION_FORMAT = "dwarf-with-dsym";
				ENABLE_NS_ASSERTIONS = NO;
				ENABLE_STRICT_OBJC_MSGSEND = YES;
				GCC_C_LANGUAGE_STANDARD = gnu99;
				GCC_NO_COMMON_BLOCKS = YES;
				GCC_WARN_64_TO_32_BIT_CONVERSION = YES;
				GCC_WARN_ABOUT_RETURN_TYPE = YES_ERROR;
				GCC_WARN_UNDECLARED_SELECTOR = YES;
				GCC_WARN_UNINITIALIZED_AUTOS = YES_AGGRESSIVE;
				GCC_WARN_UNUSED_FUNCTION = YES;
				GCC_WARN_UNUSED_VARIABLE = YES;
				IPHONEOS_DEPLOYMENT_TARGET = 9.2;
				MTL_ENABLE_DEBUG_INFO = NO;
				SDKROOT = iphoneos;
				TARGETED_DEVICE_FAMILY = "1,2";
				VALIDATE_PRODUCT = YES;
			};
			name = Release;
		};
		E47765641D689506001834AD /* Debug */ = {
			isa = XCBuildConfiguration;
			baseConfigurationReference = 0B8B0727DCA0A093CD3C2B95 /* Pods-DYLoopViewDemo.debug.xcconfig */;
			buildSettings = {
				ASSETCATALOG_COMPILER_APPICON_NAME = AppIcon;
				INFOPLIST_FILE = DYLoopViewDemo/Info.plist;
				IPHONEOS_DEPLOYMENT_TARGET = 9.0;
				LD_RUNPATH_SEARCH_PATHS = "$(inherited) @executable_path/Frameworks";
				PRODUCT_BUNDLE_IDENTIFIER = com.dov.ios.DYLoopViewDemo;
				PRODUCT_NAME = "$(TARGET_NAME)";
			};
			name = Debug;
		};
		E47765651D689506001834AD /* Release */ = {
			isa = XCBuildConfiguration;
			baseConfigurationReference = 04E94ECCE37DD836C022CC47 /* Pods-DYLoopViewDemo.release.xcconfig */;
			buildSettings = {
				ASSETCATALOG_COMPILER_APPICON_NAME = AppIcon;
				INFOPLIST_FILE = DYLoopViewDemo/Info.plist;
				IPHONEOS_DEPLOYMENT_TARGET = 9.0;
				LD_RUNPATH_SEARCH_PATHS = "$(inherited) @executable_path/Frameworks";
				PRODUCT_BUNDLE_IDENTIFIER = com.dov.ios.DYLoopViewDemo;
				PRODUCT_NAME = "$(TARGET_NAME)";
			};
			name = Release;
		};
/* End XCBuildConfiguration section */

/* Begin XCConfigurationList section */
		E47765441D689506001834AD /* Build configuration list for PBXProject "DYLoopViewDemo" */ = {
			isa = XCConfigurationList;
			buildConfigurations = (
				E47765611D689506001834AD /* Debug */,
				E47765621D689506001834AD /* Release */,
			);
			defaultConfigurationIsVisible = 0;
			defaultConfigurationName = Release;
		};
		E47765631D689506001834AD /* Build configuration list for PBXNativeTarget "DYLoopViewDemo" */ = {
			isa = XCConfigurationList;
			buildConfigurations = (
				E47765641D689506001834AD /* Debug */,
				E47765651D689506001834AD /* Release */,
			);
			defaultConfigurationIsVisible = 0;
			defaultConfigurationName = Release;
		};
/* End XCConfigurationList section */

/* Begin XCVersionGroup section */
		E47765581D689506001834AD /* DYLoopViewDemo.xcdatamodeld */ = {
			isa = XCVersionGroup;
			children = (
				E47765591D689506001834AD /* DYLoopViewDemo.xcdatamodel */,
			);
			currentVersion = E47765591D689506001834AD /* DYLoopViewDemo.xcdatamodel */;
			path = DYLoopViewDemo.xcdatamodeld;
			sourceTree = "<group>";
			versionGroupType = wrapper.xcdatamodel;
		};
/* End XCVersionGroup section */
	};
	rootObject = E47765411D689506001834AD /* Project object */;
}
